
Microsoft Visual Studio Solution File, Format Version 12.00
# Visual Studio Version 17
VisualStudioVersion = 17.5.002.0
MinimumVisualStudioVersion = 10.0.40219.1
Project("{2150E333-8FDC-42A3-9474-1A3956D46DE8}") = "back", "back", "{6515CF96-9E97-4A66-B9CC-0695AA991024}"
EndProject
Project("{2150E333-8FDC-42A3-9474-1A3956D46DE8}") = "src", "src", "{8CE0E4B8-9DB2-4FC9-AF8D-A167EB1A78C5}"
EndProject
Project("{9A19103F-16F7-4668-BE54-9A1E7A4F7556}") = "ProEventos.API", "back\src\ProEventos.API\ProEventos.API.csproj", "{0FB32FC2-ECE3-4F89-8DB9-9B08AA09DBCB}"
EndProject
Global
	GlobalSection(SolutionConfigurationPlatforms) = preSolution
		Debug|Any CPU = Debug|Any CPU
		Release|Any CPU = Release|Any CPU
	EndGlobalSection
	GlobalSection(ProjectConfigurationPlatforms) = postSolution
		{0FB32FC2-ECE3-4F89-8DB9-9B08AA09DBCB}.Debug|Any CPU.ActiveCfg = Debug|Any CPU
		{0FB32FC2-ECE3-4F89-8DB9-9B08AA09DBCB}.Debug|Any CPU.Build.0 = Debug|Any CPU
		{0FB32FC2-ECE3-4F89-8DB9-9B08AA09DBCB}.Release|Any CPU.ActiveCfg = Release|Any CPU
		{0FB32FC2-ECE3-4F89-8DB9-9B08AA09DBCB}.Release|Any CPU.Build.0 = Release|Any CPU
	EndGlobalSection
	GlobalSection(SolutionProperties) = preSolution
		HideSolutionNode = FALSE
	EndGlobalSection
	GlobalSection(NestedProjects) = preSolution
		{8CE0E4B8-9DB2-4FC9-AF8D-A167EB1A78C5} = {6515CF96-9E97-4A66-B9CC-0695AA991024}
		{0FB32FC2-ECE3-4F89-8DB9-9B08AA09DBCB} = {8CE0E4B8-9DB2-4FC9-AF8D-A167EB1A78C5}
	EndGlobalSection
	GlobalSection(ExtensibilityGlobals) = postSolution
		SolutionGuid = {BB73EDF8-B626-4B33-837D-50A1FBF259C2}
	EndGlobalSection
EndGlobal
